// !$*UTF8*$!
{
	archiveVersion = 1;
	classes = {
	};
	objectVersion = 46;
	objects = {

/* Begin PBXBuildFile section */
		9339FFC4175C8D6E005A3FA2 /* AppKit.framework in Frameworks */ = {isa = PBXBuildFile; fileRef = 9339FFC3175C8D6E005A3FA2 /* AppKit.framework */; };
		93C4A233169FEC7A00D3C820 /* main.cpp in Sources */ = {isa = PBXBuildFile; fileRef = 93C4A232169FEC7A00D3C820 /* main.cpp */; };
		93C4A235169FEC7A00D3C820 /* tester.1 in CopyFiles */ = {isa = PBXBuildFile; fileRef = 93C4A234169FEC7A00D3C820 /* tester.1 */; };
		93C4A270169FF68100D3C820 /* IOKit.framework in Frameworks */ = {isa = PBXBuildFile; fileRef = 93C4A26F169FF68100D3C820 /* IOKit.framework */; };
		941D3E372130734F00F97118 /* test_botan.cpp in Sources */ = {isa = PBXBuildFile; fileRef = 941D3E2F2130734D00F97118 /* test_botan.cpp */; };
		941D3E382130734F00F97118 /* test_http.cpp in Sources */ = {isa = PBXBuildFile; fileRef = 941D3E302130734D00F97118 /* test_http.cpp */; };
		941D3E3A2130734F00F97118 /* test_api.cpp in Sources */ = {isa = PBXBuildFile; fileRef = 941D3E332130734E00F97118 /* test_api.cpp */; };
		941D3E3B2130734F00F97118 /* test_ipp.cpp in Sources */ = {isa = PBXBuildFile; fileRef = 941D3E342130734E00F97118 /* test_ipp.cpp */; };
		941D3E3C2130734F00F97118 /* test_library.cpp in Sources */ = {isa = PBXBuildFile; fileRef = 941D3E352130734E00F97118 /* test_library.cpp */; };
		941D3E3D2130734F00F97118 /* entrypoint.cpp in Sources */ = {isa = PBXBuildFile; fileRef = 941D3E362130734E00F97118 /* entrypoint.cpp */; };
		941D3E3F2130735D00F97118 /* lib_inc.c in Sources */ = {isa = PBXBuildFile; fileRef = 941D3E3E2130735D00F97118 /* lib_inc.c */; };
		941D3E482130737100F97118 /* inet.cpp in Sources */ = {isa = PBXBuildFile; fileRef = 941D3E422130737100F97118 /* inet.cpp */; };
		941D3E492130737100F97118 /* http_client.cpp in Sources */ = {isa = PBXBuildFile; fileRef = 941D3E442130737100F97118 /* http_client.cpp */; };
		941D3E4A2130737100F97118 /* tinyhttpd_fileserv.cpp in Sources */ = {isa = PBXBuildFile; fileRef = 941D3E462130737100F97118 /* tinyhttpd_fileserv.cpp */; };
		941D3E4B2130737100F97118 /* tinyhttpd.cpp in Sources */ = {isa = PBXBuildFile; fileRef = 941D3E472130737100F97118 /* tinyhttpd.cpp */; };
		941D3E5E2130738800F97118 /* file_zip.cpp in Sources */ = {isa = PBXBuildFile; fileRef = 941D3E4E2130738700F97118 /* file_zip.cpp */; };
		941D3E602130738800F97118 /* precompiler.cpp in Sources */ = {isa = PBXBuildFile; fileRef = 941D3E512130738700F97118 /* precompiler.cpp */; };
		941D3E612130738800F97118 /* kernel_log.cpp in Sources */ = {isa = PBXBuildFile; fileRef = 941D3E532130738700F97118 /* kernel_log.cpp */; };
		941D3E622130738800F97118 /* high_level.cpp in Sources */ = {isa = PBXBuildFile; fileRef = 941D3E542130738700F97118 /* high_level.cpp */; };
		941D3E632130738800F97118 /* file_dir.cpp in Sources */ = {isa = PBXBuildFile; fileRef = 941D3E562130738800F97118 /* file_dir.cpp */; };
		941D3E642130738800F97118 /* multi_thread.cpp in Sources */ = {isa = PBXBuildFile; fileRef = 941D3E582130738800F97118 /* multi_thread.cpp */; };
		941D3E652130738800F97118 /* kernel.cpp in Sources */ = {isa = PBXBuildFile; fileRef = 941D3E5B2130738800F97118 /* kernel.cpp */; };
		941D3E662130738800F97118 /* objc_wrap.mm in Sources */ = {isa = PBXBuildFile; fileRef = 941D3E5D2130738800F97118 /* objc_wrap.mm */; };
		941D3E78213073A100F97118 /* libippr_l.a in Frameworks */ = {isa = PBXBuildFile; fileRef = 941D3E67213073A000F97118 /* libippr_l.a */; };
		941D3E79213073A100F97118 /* libippcc_l.a in Frameworks */ = {isa = PBXBuildFile; fileRef = 941D3E68213073A000F97118 /* libippcc_l.a */; };
		941D3E7A213073A100F97118 /* libippm_l.a in Frameworks */ = {isa = PBXBuildFile; fileRef = 941D3E69213073A000F97118 /* libippm_l.a */; };
		941D3E7B213073A100F97118 /* libippdc_l.a in Frameworks */ = {isa = PBXBuildFile; fileRef = 941D3E6A213073A100F97118 /* libippdc_l.a */; };
		941D3E7C213073A100F97118 /* libippsc_l.a in Frameworks */ = {isa = PBXBuildFile; fileRef = 941D3E6B213073A100F97118 /* libippsc_l.a */; };
		941D3E7D213073A100F97118 /* libippvc_l.a in Frameworks */ = {isa = PBXBuildFile; fileRef = 941D3E6C213073A100F97118 /* libippvc_l.a */; };
		941D3E7E213073A100F97118 /* libippj_l.a in Frameworks */ = {isa = PBXBuildFile; fileRef = 941D3E6D213073A100F97118 /* libippj_l.a */; };
		941D3E7F213073A100F97118 /* libippch_l.a in Frameworks */ = {isa = PBXBuildFile; fileRef = 941D3E6E213073A100F97118 /* libippch_l.a */; };
		941D3E80213073A100F97118 /* libippcore_l.a in Frameworks */ = {isa = PBXBuildFile; fileRef = 941D3E6F213073A100F97118 /* libippcore_l.a */; };
		941D3E81213073A100F97118 /* libippdi_l.a in Frameworks */ = {isa = PBXBuildFile; fileRef = 941D3E70213073A100F97118 /* libippdi_l.a */; };
		941D3E82213073A100F97118 /* libippgen_l.a in Frameworks */ = {isa = PBXBuildFile; fileRef = 941D3E71213073A100F97118 /* libippgen_l.a */; };
		941D3E83213073A100F97118 /* libippvm_l.a in Frameworks */ = {isa = PBXBuildFile; fileRef = 941D3E72213073A100F97118 /* libippvm_l.a */; };
		941D3E84213073A100F97118 /* libipps_l.a in Frameworks */ = {isa = PBXBuildFile; fileRef = 941D3E73213073A100F97118 /* libipps_l.a */; };
		941D3E85213073A100F97118 /* libippcp_l.a in Frameworks */ = {isa = PBXBuildFile; fileRef = 941D3E74213073A100F97118 /* libippcp_l.a */; };
		941D3E86213073A100F97118 /* libippi_l.a in Frameworks */ = {isa = PBXBuildFile; fileRef = 941D3E75213073A100F97118 /* libippi_l.a */; };
		941D3E87213073A100F97118 /* libippac_l.a in Frameworks */ = {isa = PBXBuildFile; fileRef = 941D3E76213073A100F97118 /* libippac_l.a */; };
		941D3E88213073A100F97118 /* libippcv_l.a in Frameworks */ = {isa = PBXBuildFile; fileRef = 941D3E77213073A100F97118 /* libippcv_l.a */; };
		941D3E8D213073BD00F97118 /* ipp_core.cpp in Sources */ = {isa = PBXBuildFile; fileRef = 941D3E89213073BD00F97118 /* ipp_core.cpp */; };
		941D3E97213073CD00F97118 /* xml_xhtml.cpp in Sources */ = {isa = PBXBuildFile; fileRef = 941D3E94213073CD00F97118 /* xml_xhtml.cpp */; };
		941D3E9A213073E000F97118 /* botan.cpp in Sources */ = {isa = PBXBuildFile; fileRef = 941D3E98213073E000F97118 /* botan.cpp */; };
		941D3E9D2130779000F97118 /* exprtk.cpp in Sources */ = {isa = PBXBuildFile; fileRef = 941D3E9B2130779000F97118 /* exprtk.cpp */; };
/* End PBXBuildFile section */

/* Begin PBXCopyFilesBuildPhase section */
		93C4A22C169FEC7A00D3C820 /* CopyFiles */ = {
			isa = PBXCopyFilesBuildPhase;
			buildActionMask = 2147483647;
			dstPath = /usr/share/man/man1/;
			dstSubfolderSpec = 0;
			files = (
				93C4A235169FEC7A00D3C820 /* tester.1 in CopyFiles */,
			);
			runOnlyForDeploymentPostprocessing = 1;
		};
/* End PBXCopyFilesBuildPhase section */

/* Begin PBXFileReference section */
		9339FFC3175C8D6E005A3FA2 /* AppKit.framework */ = {isa = PBXFileReference; lastKnownFileType = wrapper.framework; name = AppKit.framework; path = System/Library/Frameworks/AppKit.framework; sourceTree = SDKROOT; };
		93C4A22E169FEC7A00D3C820 /* tester */ = {isa = PBXFileReference; explicitFileType = "compiled.mach-o.executable"; includeInIndex = 0; path = tester; sourceTree = BUILT_PRODUCTS_DIR; };
		93C4A232169FEC7A00D3C820 /* main.cpp */ = {isa = PBXFileReference; lastKnownFileType = sourcecode.cpp.cpp; path = main.cpp; sourceTree = "<group>"; };
		93C4A234169FEC7A00D3C820 /* tester.1 */ = {isa = PBXFileReference; lastKnownFileType = text.man; path = tester.1; sourceTree = "<group>"; };
		93C4A26F169FF68100D3C820 /* IOKit.framework */ = {isa = PBXFileReference; lastKnownFileType = wrapper.framework; name = IOKit.framework; path = System/Library/Frameworks/IOKit.framework; sourceTree = SDKROOT; };
		941D3E2F2130734D00F97118 /* test_botan.cpp */ = {isa = PBXFileReference; fileEncoding = 4; lastKnownFileType = sourcecode.cpp.cpp; name = test_botan.cpp; path = ../../tests/test_botan.cpp; sourceTree = "<group>"; };
		941D3E302130734D00F97118 /* test_http.cpp */ = {isa = PBXFileReference; fileEncoding = 4; lastKnownFileType = sourcecode.cpp.cpp; name = test_http.cpp; path = ../../tests/test_http.cpp; sourceTree = "<group>"; };
		941D3E312130734E00F97118 /* test.h */ = {isa = PBXFileReference; fileEncoding = 4; lastKnownFileType = sourcecode.c.h; name = test.h; path = ../../tests/test.h; sourceTree = "<group>"; };
		941D3E332130734E00F97118 /* test_api.cpp */ = {isa = PBXFileReference; fileEncoding = 4; lastKnownFileType = sourcecode.cpp.cpp; name = test_api.cpp; path = ../../tests/test_api.cpp; sourceTree = "<group>"; };
		941D3E342130734E00F97118 /* test_ipp.cpp */ = {isa = PBXFileReference; fileEncoding = 4; lastKnownFileType = sourcecode.cpp.cpp; name = test_ipp.cpp; path = ../../tests/test_ipp.cpp; sourceTree = "<group>"; };
		941D3E352130734E00F97118 /* test_library.cpp */ = {isa = PBXFileReference; fileEncoding = 4; lastKnownFileType = sourcecode.cpp.cpp; name = test_library.cpp; path = ../../tests/test_library.cpp; sourceTree = "<group>"; };
		941D3E362130734E00F97118 /* entrypoint.cpp */ = {isa = PBXFileReference; fileEncoding = 4; lastKnownFileType = sourcecode.cpp.cpp; name = entrypoint.cpp; path = ../../tests/entrypoint.cpp; sourceTree = "<group>"; };
		941D3E3E2130735D00F97118 /* lib_inc.c */ = {isa = PBXFileReference; fileEncoding = 4; lastKnownFileType = sourcecode.c.c; name = lib_inc.c; path = ../../../core/ext/lib_inc.c; sourceTree = "<group>"; };
		941D3E402130737100F97118 /* tinyhttpd.h */ = {isa = PBXFileReference; fileEncoding = 4; lastKnownFileType = sourcecode.c.h; name = tinyhttpd.h; path = ../../../core/inet/tinyhttpd.h; sourceTree = "<group>"; };
		941D3E412130737100F97118 /* tinyhttpd_fileserv.h */ = {isa = PBXFileReference; fileEncoding = 4; lastKnownFileType = sourcecode.c.h; name = tinyhttpd_fileserv.h; path = ../../../core/inet/tinyhttpd_fileserv.h; sourceTree = "<group>"; };
		941D3E422130737100F97118 /* inet.cpp */ = {isa = PBXFileReference; fileEncoding = 4; lastKnownFileType = sourcecode.cpp.cpp; name = inet.cpp; path = ../../../core/inet/inet.cpp; sourceTree = "<group>"; };
		941D3E432130737100F97118 /* http_client.h */ = {isa = PBXFileReference; fileEncoding = 4; lastKnownFileType = sourcecode.c.h; name = http_client.h; path = ../../../core/inet/http_client.h; sourceTree = "<group>"; };
		941D3E442130737100F97118 /* http_client.cpp */ = {isa = PBXFileReference; fileEncoding = 4; lastKnownFileType = sourcecode.cpp.cpp; name = http_client.cpp; path = ../../../core/inet/http_client.cpp; sourceTree = "<group>"; };
		941D3E452130737100F97118 /* inet.h */ = {isa = PBXFileReference; fileEncoding = 4; lastKnownFileType = sourcecode.c.h; name = inet.h; path = ../../../core/inet/inet.h; sourceTree = "<group>"; };
		941D3E462130737100F97118 /* tinyhttpd_fileserv.cpp */ = {isa = PBXFileReference; fileEncoding = 4; lastKnownFileType = sourcecode.cpp.cpp; name = tinyhttpd_fileserv.cpp; path = ../../../core/inet/tinyhttpd_fileserv.cpp; sourceTree = "<group>"; };
		941D3E472130737100F97118 /* tinyhttpd.cpp */ = {isa = PBXFileReference; fileEncoding = 4; lastKnownFileType = sourcecode.cpp.cpp; name = tinyhttpd.cpp; path = ../../../core/inet/tinyhttpd.cpp; sourceTree = "<group>"; };
		941D3E4C2130738700F97118 /* kernel.h */ = {isa = PBXFileReference; fileEncoding = 4; lastKnownFileType = sourcecode.c.h; name = kernel.h; path = ../../../core/os/kernel.h; sourceTree = "<group>"; };
		941D3E4D2130738700F97118 /* multi_thread.h */ = {isa = PBXFileReference; fileEncoding = 4; lastKnownFileType = sourcecode.c.h; name = multi_thread.h; path = ../../../core/os/multi_thread.h; sourceTree = "<group>"; };
		941D3E4E2130738700F97118 /* file_zip.cpp */ = {isa = PBXFileReference; fileEncoding = 4; lastKnownFileType = sourcecode.cpp.cpp; name = file_zip.cpp; path = ../../../core/os/file_zip.cpp; sourceTree = "<group>"; };
		941D3E4F2130738700F97118 /* file_dir.h */ = {isa = PBXFileReference; fileEncoding = 4; lastKnownFileType = sourcecode.c.h; name = file_dir.h; path = ../../../core/os/file_dir.h; sourceTree = "<group>"; };
		941D3E512130738700F97118 /* precompiler.cpp */ = {isa = PBXFileReference; fileEncoding = 4; lastKnownFileType = sourcecode.cpp.cpp; name = precompiler.cpp; path = ../../../core/os/precompiler.cpp; sourceTree = "<group>"; };
		941D3E522130738700F97118 /* predefines.h */ = {isa = PBXFileReference; fileEncoding = 4; lastKnownFileType = sourcecode.c.h; name = predefines.h; path = ../../../core/os/predefines.h; sourceTree = "<group>"; };
		941D3E532130738700F97118 /* kernel_log.cpp */ = {isa = PBXFileReference; fileEncoding = 4; lastKnownFileType = sourcecode.cpp.cpp; name = kernel_log.cpp; path = ../../../core/os/kernel_log.cpp; sourceTree = "<group>"; };
		941D3E542130738700F97118 /* high_level.cpp */ = {isa = PBXFileReference; fileEncoding = 4; lastKnownFileType = sourcecode.cpp.cpp; name = high_level.cpp; path = ../../../core/os/high_level.cpp; sourceTree = "<group>"; };
		941D3E562130738800F97118 /* file_dir.cpp */ = {isa = PBXFileReference; fileEncoding = 4; lastKnownFileType = sourcecode.cpp.cpp; name = file_dir.cpp; path = ../../../core/os/file_dir.cpp; sourceTree = "<group>"; };
		941D3E572130738800F97118 /* precompiler.h */ = {isa = PBXFileReference; fileEncoding = 4; lastKnownFileType = sourcecode.c.h; name = precompiler.h; path = ../../../core/os/precompiler.h; sourceTree = "<group>"; };
		941D3E582130738800F97118 /* multi_thread.cpp */ = {isa = PBXFileReference; fileEncoding = 4; lastKnownFileType = sourcecode.cpp.cpp; name = multi_thread.cpp; path = ../../../core/os/multi_thread.cpp; sourceTree = "<group>"; };
		941D3E592130738800F97118 /* platform.h */ = {isa = PBXFileReference; fileEncoding = 4; lastKnownFileType = sourcecode.c.h; name = platform.h; path = ../../../core/os/platform.h; sourceTree = "<group>"; };
		941D3E5A2130738800F97118 /* high_level.h */ = {isa = PBXFileReference; fileEncoding = 4; lastKnownFileType = sourcecode.c.h; name = high_level.h; path = ../../../core/os/high_level.h; sourceTree = "<group>"; };
		941D3E5B2130738800F97118 /* kernel.cpp */ = {isa = PBXFileReference; fileEncoding = 4; lastKnownFileType = sourcecode.cpp.cpp; name = kernel.cpp; path = ../../../core/os/kernel.cpp; sourceTree = "<group>"; };
		941D3E5C2130738800F97118 /* file_zip.h */ = {isa = PBXFileReference; fileEncoding = 4; lastKnownFileType = sourcecode.c.h; name = file_zip.h; path = ../../../core/os/file_zip.h; sourceTree = "<group>"; };
		941D3E5D2130738800F97118 /* objc_wrap.mm */ = {isa = PBXFileReference; fileEncoding = 4; lastKnownFileType = sourcecode.cpp.objcpp; name = objc_wrap.mm; path = ../../../core/os/objc_wrap.mm; sourceTree = "<group>"; };
		941D3E67213073A000F97118 /* libippr_l.a */ = {isa = PBXFileReference; lastKnownFileType = archive.ar; name = libippr_l.a; path = ../../../libs/mac/libippr_l.a; sourceTree = "<group>"; };
		941D3E68213073A000F97118 /* libippcc_l.a */ = {isa = PBXFileReference; lastKnownFileType = archive.ar; name = libippcc_l.a; path = ../../../libs/mac/libippcc_l.a; sourceTree = "<group>"; };
		941D3E69213073A000F97118 /* libippm_l.a */ = {isa = PBXFileReference; lastKnownFileType = archive.ar; name = libippm_l.a; path = ../../../libs/mac/libippm_l.a; sourceTree = "<group>"; };
		941D3E6A213073A100F97118 /* libippdc_l.a */ = {isa = PBXFileReference; lastKnownFileType = archive.ar; name = libippdc_l.a; path = ../../../libs/mac/libippdc_l.a; sourceTree = "<group>"; };
		941D3E6B213073A100F97118 /* libippsc_l.a */ = {isa = PBXFileReference; lastKnownFileType = archive.ar; name = libippsc_l.a; path = ../../../libs/mac/libippsc_l.a; sourceTree = "<group>"; };
		941D3E6C213073A100F97118 /* libippvc_l.a */ = {isa = PBXFileReference; lastKnownFileType = archive.ar; name = libippvc_l.a; path = ../../../libs/mac/libippvc_l.a; sourceTree = "<group>"; };
		941D3E6D213073A100F97118 /* libippj_l.a */ = {isa = PBXFileReference; lastKnownFileType = archive.ar; name = libippj_l.a; path = ../../../libs/mac/libippj_l.a; sourceTree = "<group>"; };
		941D3E6E213073A100F97118 /* libippch_l.a */ = {isa = PBXFileReference; lastKnownFileType = archive.ar; name = libippch_l.a; path = ../../../libs/mac/libippch_l.a; sourceTree = "<group>"; };
		941D3E6F213073A100F97118 /* libippcore_l.a */ = {isa = PBXFileReference; lastKnownFileType = archive.ar; name = libippcore_l.a; path = ../../../libs/mac/libippcore_l.a; sourceTree = "<group>"; };
		941D3E70213073A100F97118 /* libippdi_l.a */ = {isa = PBXFileReference; lastKnownFileType = archive.ar; name = libippdi_l.a; path = ../../../libs/mac/libippdi_l.a; sourceTree = "<group>"; };
		941D3E71213073A100F97118 /* libippgen_l.a */ = {isa = PBXFileReference; lastKnownFileType = archive.ar; name = libippgen_l.a; path = ../../../libs/mac/libippgen_l.a; sourceTree = "<group>"; };
		941D3E72213073A100F97118 /* libippvm_l.a */ = {isa = PBXFileReference; lastKnownFileType = archive.ar; name = libippvm_l.a; path = ../../../libs/mac/libippvm_l.a; sourceTree = "<group>"; };
		941D3E73213073A100F97118 /* libipps_l.a */ = {isa = PBXFileReference; lastKnownFileType = archive.ar; name = libipps_l.a; path = ../../../libs/mac/libipps_l.a; sourceTree = "<group>"; };
		941D3E74213073A100F97118 /* libippcp_l.a */ = {isa = PBXFileReference; lastKnownFileType = archive.ar; name = libippcp_l.a; path = ../../../libs/mac/libippcp_l.a; sourceTree = "<group>"; };
		941D3E75213073A100F97118 /* libippi_l.a */ = {isa = PBXFileReference; lastKnownFileType = archive.ar; name = libippi_l.a; path = ../../../libs/mac/libippi_l.a; sourceTree = "<group>"; };
		941D3E76213073A100F97118 /* libippac_l.a */ = {isa = PBXFileReference; lastKnownFileType = archive.ar; name = libippac_l.a; path = ../../../libs/mac/libippac_l.a; sourceTree = "<group>"; };
		941D3E77213073A100F97118 /* libippcv_l.a */ = {isa = PBXFileReference; lastKnownFileType = archive.ar; name = libippcv_l.a; path = ../../../libs/mac/libippcv_l.a; sourceTree = "<group>"; };
		941D3E89213073BD00F97118 /* ipp_core.cpp */ = {isa = PBXFileReference; fileEncoding = 4; lastKnownFileType = sourcecode.cpp.cpp; name = ipp_core.cpp; path = ../../../core/ext/ipp/ipp_core.cpp; sourceTree = "<group>"; };
		941D3E8A213073BD00F97118 /* ipp_image.h */ = {isa = PBXFileReference; fileEncoding = 4; lastKnownFileType = sourcecode.c.h; name = ipp_image.h; path = ../../../core/ext/ipp/ipp_image.h; sourceTree = "<group>"; };
		941D3E8B213073BD00F97118 /* ipp_core.h */ = {isa = PBXFileReference; fileEncoding = 4; lastKnownFileType = sourcecode.c.h; name = ipp_core.h; path = ../../../core/ext/ipp/ipp_core.h; sourceTree = "<group>"; };
		941D3E8C213073BD00F97118 /* ipp_config.h */ = {isa = PBXFileReference; fileEncoding = 4; lastKnownFileType = sourcecode.c.h; name = ipp_config.h; path = ../../../core/ext/ipp/ipp_config.h; sourceTree = "<group>"; };
		941D3E8E213073CD00F97118 /* runtime_base.h */ = {isa = PBXFileReference; fileEncoding = 4; lastKnownFileType = sourcecode.c.h; name = runtime_base.h; path = ../../../core/rt/runtime_base.h; sourceTree = "<group>"; };
		941D3E8F213073CD00F97118 /* string_type.h */ = {isa = PBXFileReference; fileEncoding = 4; lastKnownFileType = sourcecode.c.h; name = string_type.h; path = ../../../core/rt/string_type.h; sourceTree = "<group>"; };
		941D3E90213073CD00F97118 /* type_traits.h */ = {isa = PBXFileReference; fileEncoding = 4; lastKnownFileType = sourcecode.c.h; name = type_traits.h; path = ../../../core/rt/type_traits.h; sourceTree = "<group>"; };
		941D3E91213073CD00F97118 /* small_math.h */ = {isa = PBXFileReference; fileEncoding = 4; lastKnownFileType = sourcecode.c.h; name = small_math.h; path = ../../../core/rt/small_math.h; sourceTree = "<group>"; };
		941D3E92213073CD00F97118 /* xml_xhtml.h */ = {isa = PBXFileReference; fileEncoding = 4; lastKnownFileType = sourcecode.c.h; name = xml_xhtml.h; path = ../../../core/rt/xml_xhtml.h; sourceTree = "<group>"; };
		941D3E93213073CD00F97118 /* string_type_op.h */ = {isa = PBXFileReference; fileEncoding = 4; lastKnownFileType = sourcecode.c.h; name = string_type_op.h; path = ../../../core/rt/string_type_op.h; sourceTree = "<group>"; };
		941D3E94213073CD00F97118 /* xml_xhtml.cpp */ = {isa = PBXFileReference; fileEncoding = 4; lastKnownFileType = sourcecode.cpp.cpp; name = xml_xhtml.cpp; path = ../../../core/rt/xml_xhtml.cpp; sourceTree = "<group>"; };
		941D3E95213073CD00F97118 /* buffer_type.h */ = {isa = PBXFileReference; fileEncoding = 4; lastKnownFileType = sourcecode.c.h; name = buffer_type.h; path = ../../../core/rt/buffer_type.h; sourceTree = "<group>"; };
		941D3E96213073CD00F97118 /* json.h */ = {isa = PBXFileReference; fileEncoding = 4; lastKnownFileType = sourcecode.c.h; name = json.h; path = ../../../core/rt/json.h; sourceTree = "<group>"; };
		941D3E98213073E000F97118 /* botan.cpp */ = {isa = PBXFileReference; fileEncoding = 4; lastKnownFileType = sourcecode.cpp.cpp; name = botan.cpp; path = ../../../core/ext/botan/botan.cpp; sourceTree = "<group>"; };
		941D3E99213073E000F97118 /* botan.h */ = {isa = PBXFileReference; fileEncoding = 4; lastKnownFileType = sourcecode.c.h; name = botan.h; path = ../../../core/ext/botan/botan.h; sourceTree = "<group>"; };
		941D3E9B2130779000F97118 /* exprtk.cpp */ = {isa = PBXFileReference; fileEncoding = 4; lastKnownFileType = sourcecode.cpp.cpp; name = exprtk.cpp; path = ../../../core/ext/exprtk/exprtk.cpp; sourceTree = "<group>"; };
		941D3E9C2130779000F97118 /* exprtk.h */ = {isa = PBXFileReference; fileEncoding = 4; lastKnownFileType = sourcecode.c.h; name = exprtk.h; path = ../../../core/ext/exprtk/exprtk.h; sourceTree = "<group>"; };
/* End PBXFileReference section */

/* Begin PBXFrameworksBuildPhase section */
		93C4A22B169FEC7A00D3C820 /* Frameworks */ = {
			isa = PBXFrameworksBuildPhase;
			buildActionMask = 2147483647;
			files = (
				941D3E7A213073A100F97118 /* libippm_l.a in Frameworks */,
				941D3E7F213073A100F97118 /* libippch_l.a in Frameworks */,
				941D3E7B213073A100F97118 /* libippdc_l.a in Frameworks */,
				941D3E80213073A100F97118 /* libippcore_l.a in Frameworks */,
				941D3E79213073A100F97118 /* libippcc_l.a in Frameworks */,
				9339FFC4175C8D6E005A3FA2 /* AppKit.framework in Frameworks */,
				93C4A270169FF68100D3C820 /* IOKit.framework in Frameworks */,
				941D3E81213073A100F97118 /* libippdi_l.a in Frameworks */,
				941D3E88213073A100F97118 /* libippcv_l.a in Frameworks */,
				941D3E7E213073A100F97118 /* libippj_l.a in Frameworks */,
				941D3E85213073A100F97118 /* libippcp_l.a in Frameworks */,
				941D3E86213073A100F97118 /* libippi_l.a in Frameworks */,
				941D3E78213073A100F97118 /* libippr_l.a in Frameworks */,
				941D3E7C213073A100F97118 /* libippsc_l.a in Frameworks */,
				941D3E83213073A100F97118 /* libippvm_l.a in Frameworks */,
				941D3E7D213073A100F97118 /* libippvc_l.a in Frameworks */,
				941D3E82213073A100F97118 /* libippgen_l.a in Frameworks */,
				941D3E87213073A100F97118 /* libippac_l.a in Frameworks */,
				941D3E84213073A100F97118 /* libipps_l.a in Frameworks */,
			);
			runOnlyForDeploymentPostprocessing = 0;
		};
/* End PBXFrameworksBuildPhase section */

/* Begin PBXGroup section */
		930D8F0616C4E63C00261897 /* ipp */ = {
			isa = PBXGroup;
			children = (
				941D3E8C213073BD00F97118 /* ipp_config.h */,
				941D3E89213073BD00F97118 /* ipp_core.cpp */,
				941D3E8B213073BD00F97118 /* ipp_core.h */,
				941D3E8A213073BD00F97118 /* ipp_image.h */,
				930D8F2E16C4F25300261897 /* .a */,
			);
			name = ipp;
			sourceTree = "<group>";
		};
		930D8F2E16C4F25300261897 /* .a */ = {
			isa = PBXGroup;
			children = (
				941D3E76213073A100F97118 /* libippac_l.a */,
				941D3E68213073A000F97118 /* libippcc_l.a */,
				941D3E6E213073A100F97118 /* libippch_l.a */,
				941D3E6F213073A100F97118 /* libippcore_l.a */,
				941D3E74213073A100F97118 /* libippcp_l.a */,
				941D3E77213073A100F97118 /* libippcv_l.a */,
				941D3E6A213073A100F97118 /* libippdc_l.a */,
				941D3E70213073A100F97118 /* libippdi_l.a */,
				941D3E71213073A100F97118 /* libippgen_l.a */,
				941D3E75213073A100F97118 /* libippi_l.a */,
				941D3E6D213073A100F97118 /* libippj_l.a */,
				941D3E69213073A000F97118 /* libippm_l.a */,
				941D3E67213073A000F97118 /* libippr_l.a */,
				941D3E73213073A100F97118 /* libipps_l.a */,
				941D3E6B213073A100F97118 /* libippsc_l.a */,
				941D3E6C213073A100F97118 /* libippvc_l.a */,
				941D3E72213073A100F97118 /* libippvm_l.a */,
			);
			name = .a;
			sourceTree = "<group>";
		};
		93C4A223169FEC7A00D3C820 = {
			isa = PBXGroup;
			children = (
				9339FFC3175C8D6E005A3FA2 /* AppKit.framework */,
				93C4A26F169FF68100D3C820 /* IOKit.framework */,
				93C4A231169FEC7A00D3C820 /* tester */,
				93C4A22F169FEC7A00D3C820 /* Products */,
			);
			sourceTree = "<group>";
		};
		93C4A22F169FEC7A00D3C820 /* Products */ = {
			isa = PBXGroup;
			children = (
				93C4A22E169FEC7A00D3C820 /* tester */,
			);
			name = Products;
			sourceTree = "<group>";
		};
		93C4A231169FEC7A00D3C820 /* tester */ = {
			isa = PBXGroup;
			children = (
				941D3E3E2130735D00F97118 /* lib_inc.c */,
				941D3E362130734E00F97118 /* entrypoint.cpp */,
				941D3E332130734E00F97118 /* test_api.cpp */,
				941D3E2F2130734D00F97118 /* test_botan.cpp */,
				941D3E302130734D00F97118 /* test_http.cpp */,
				941D3E342130734E00F97118 /* test_ipp.cpp */,
				941D3E352130734E00F97118 /* test_library.cpp */,
				941D3E312130734E00F97118 /* test.h */,
				93C4A242169FED0400D3C820 /* inet */,
				93C4A241169FECE300D3C820 /* os */,
				930D8F0616C4E63C00261897 /* ipp */,
				93C4A23F169FECD800D3C820 /* rt */,
				93C4A267169FF40D00D3C820 /* botan */,
				93C4A232169FEC7A00D3C820 /* main.cpp */,
				93C4A234169FEC7A00D3C820 /* tester.1 */,
			);
			path = tester;
			sourceTree = "<group>";
		};
		93C4A23F169FECD800D3C820 /* rt */ = {
			isa = PBXGroup;
			children = (
				941D3E95213073CD00F97118 /* buffer_type.h */,
				941D3E96213073CD00F97118 /* json.h */,
				941D3E8E213073CD00F97118 /* runtime_base.h */,
				941D3E91213073CD00F97118 /* small_math.h */,
				941D3E93213073CD00F97118 /* string_type_op.h */,
				941D3E8F213073CD00F97118 /* string_type.h */,
				941D3E90213073CD00F97118 /* type_traits.h */,
				941D3E94213073CD00F97118 /* xml_xhtml.cpp */,
				941D3E92213073CD00F97118 /* xml_xhtml.h */,
			);
			name = rt;
			sourceTree = "<group>";
		};
		93C4A241169FECE300D3C820 /* os */ = {
			isa = PBXGroup;
			children = (
				941D3E9B2130779000F97118 /* exprtk.cpp */,
				941D3E9C2130779000F97118 /* exprtk.h */,
				941D3E562130738800F97118 /* file_dir.cpp */,
				941D3E4F2130738700F97118 /* file_dir.h */,
				941D3E4E2130738700F97118 /* file_zip.cpp */,
				941D3E5C2130738800F97118 /* file_zip.h */,
				941D3E542130738700F97118 /* high_level.cpp */,
				941D3E5A2130738800F97118 /* high_level.h */,
				941D3E532130738700F97118 /* kernel_log.cpp */,
				941D3E5B2130738800F97118 /* kernel.cpp */,
				941D3E4C2130738700F97118 /* kernel.h */,
				941D3E582130738800F97118 /* multi_thread.cpp */,
				941D3E4D2130738700F97118 /* multi_thread.h */,
				941D3E5D2130738800F97118 /* objc_wrap.mm */,
				941D3E592130738800F97118 /* platform.h */,
				941D3E512130738700F97118 /* precompiler.cpp */,
				941D3E572130738800F97118 /* precompiler.h */,
				941D3E522130738700F97118 /* predefines.h */,
			);
			name = os;
			sourceTree = "<group>";
		};
		93C4A242169FED0400D3C820 /* inet */ = {
			isa = PBXGroup;
			children = (
				941D3E442130737100F97118 /* http_client.cpp */,
				941D3E432130737100F97118 /* http_client.h */,
				941D3E422130737100F97118 /* inet.cpp */,
				941D3E452130737100F97118 /* inet.h */,
				941D3E462130737100F97118 /* tinyhttpd_fileserv.cpp */,
				941D3E412130737100F97118 /* tinyhttpd_fileserv.h */,
				941D3E472130737100F97118 /* tinyhttpd.cpp */,
				941D3E402130737100F97118 /* tinyhttpd.h */,
			);
			name = inet;
			sourceTree = "<group>";
		};
		93C4A267169FF40D00D3C820 /* botan */ = {
			isa = PBXGroup;
			children = (
				941D3E98213073E000F97118 /* botan.cpp */,
				941D3E99213073E000F97118 /* botan.h */,
			);
			name = botan;
			sourceTree = "<group>";
		};
/* End PBXGroup section */

/* Begin PBXNativeTarget section */
		93C4A22D169FEC7A00D3C820 /* tester */ = {
			isa = PBXNativeTarget;
			buildConfigurationList = 93C4A238169FEC7A00D3C820 /* Build configuration list for PBXNativeTarget "tester" */;
			buildPhases = (
				93C4A22A169FEC7A00D3C820 /* Sources */,
				93C4A22B169FEC7A00D3C820 /* Frameworks */,
				93C4A22C169FEC7A00D3C820 /* CopyFiles */,
			);
			buildRules = (
			);
			dependencies = (
			);
			name = tester;
			productName = tester;
			productReference = 93C4A22E169FEC7A00D3C820 /* tester */;
			productType = "com.apple.product-type.tool";
		};
/* End PBXNativeTarget section */

/* Begin PBXProject section */
		93C4A225169FEC7A00D3C820 /* Project object */ = {
			isa = PBXProject;
			attributes = {
				LastUpgradeCheck = 0820;
			};
			buildConfigurationList = 93C4A228169FEC7A00D3C820 /* Build configuration list for PBXProject "tester" */;
			compatibilityVersion = "Xcode 3.2";
			developmentRegion = English;
			hasScannedForEncodings = 0;
			knownRegions = (
				en,
			);
			mainGroup = 93C4A223169FEC7A00D3C820;
			productRefGroup = 93C4A22F169FEC7A00D3C820 /* Products */;
			projectDirPath = "";
			projectRoot = "";
			targets = (
				93C4A22D169FEC7A00D3C820 /* tester */,
			);
		};
/* End PBXProject section */

/* Begin PBXSourcesBuildPhase section */
		93C4A22A169FEC7A00D3C820 /* Sources */ = {
			isa = PBXSourcesBuildPhase;
			buildActionMask = 2147483647;
			files = (
				93C4A233169FEC7A00D3C820 /* main.cpp in Sources */,
				941D3E602130738800F97118 /* precompiler.cpp in Sources */,
				941D3E3F2130735D00F97118 /* lib_inc.c in Sources */,
				941D3E652130738800F97118 /* kernel.cpp in Sources */,
				941D3E372130734F00F97118 /* test_botan.cpp in Sources */,
				941D3E9A213073E000F97118 /* botan.cpp in Sources */,
				941D3E612130738800F97118 /* kernel_log.cpp in Sources */,
				941D3E3C2130734F00F97118 /* test_library.cpp in Sources */,
				941D3E632130738800F97118 /* file_dir.cpp in Sources */,
				941D3E3D2130734F00F97118 /* entrypoint.cpp in Sources */,
				941D3E97213073CD00F97118 /* xml_xhtml.cpp in Sources */,
				941D3E3B2130734F00F97118 /* test_ipp.cpp in Sources */,
				941D3E382130734F00F97118 /* test_http.cpp in Sources */,
				941D3E4A2130737100F97118 /* tinyhttpd_fileserv.cpp in Sources */,
				941D3E622130738800F97118 /* high_level.cpp in Sources */,
				941D3E8D213073BD00F97118 /* ipp_core.cpp in Sources */,
				941D3E482130737100F97118 /* inet.cpp in Sources */,
				941D3E9D2130779000F97118 /* exprtk.cpp in Sources */,
				941D3E492130737100F97118 /* http_client.cpp in Sources */,
				941D3E5E2130738800F97118 /* file_zip.cpp in Sources */,
				941D3E4B2130737100F97118 /* tinyhttpd.cpp in Sources */,
				941D3E642130738800F97118 /* multi_thread.cpp in Sources */,
				941D3E3A2130734F00F97118 /* test_api.cpp in Sources */,
				941D3E662130738800F97118 /* objc_wrap.mm in Sources */,
			);
			runOnlyForDeploymentPostprocessing = 0;
		};
/* End PBXSourcesBuildPhase section */

/* Begin XCBuildConfiguration section */
		93C4A236169FEC7A00D3C820 /* Debug */ = {
			isa = XCBuildConfiguration;
			buildSettings = {
				ALWAYS_SEARCH_USER_PATHS = NO;
				CLANG_CXX_LIBRARY = "libc++";
				CLANG_WARN_BOOL_CONVERSION = YES;
				CLANG_WARN_CONSTANT_CONVERSION = YES;
				CLANG_WARN_EMPTY_BODY = YES;
				CLANG_WARN_ENUM_CONVERSION = YES;
				CLANG_WARN_INFINITE_RECURSION = YES;
				CLANG_WARN_INT_CONVERSION = YES;
				CLANG_WARN_SUSPICIOUS_MOVE = YES;
				CLANG_WARN_UNREACHABLE_CODE = YES;
				CLANG_WARN__DUPLICATE_METHOD_MATCH = YES;
				COPY_PHASE_STRIP = NO;
				ENABLE_STRICT_OBJC_MSGSEND = YES;
				ENABLE_TESTABILITY = YES;
				GCC_C_LANGUAGE_STANDARD = gnu11;
				GCC_DYNAMIC_NO_PIC = NO;
				GCC_ENABLE_OBJC_EXCEPTIONS = YES;
				GCC_NO_COMMON_BLOCKS = YES;
				GCC_OPTIMIZATION_LEVEL = 0;
				GCC_PREPROCESSOR_DEFINITIONS = (
					"DEBUG=1",
					"$(inherited)",
				);
				GCC_SYMBOLS_PRIVATE_EXTERN = NO;
				GCC_VERSION = com.apple.compilers.llvm.clang.1_0;
				GCC_WARN_64_TO_32_BIT_CONVERSION = YES;
				GCC_WARN_ABOUT_RETURN_TYPE = YES;
				GCC_WARN_UNDECLARED_SELECTOR = YES;
				GCC_WARN_UNINITIALIZED_AUTOS = YES;
				GCC_WARN_UNUSED_FUNCTION = YES;
				GCC_WARN_UNUSED_VARIABLE = YES;
				MACOSX_DEPLOYMENT_TARGET = 10.7;
				ONLY_ACTIVE_ARCH = YES;
				SDKROOT = macosx;
			};
			name = Debug;
		};
		93C4A237169FEC7A00D3C820 /* Release */ = {
			isa = XCBuildConfiguration;
			buildSettings = {
				ALWAYS_SEARCH_USER_PATHS = NO;
				CLANG_CXX_LIBRARY = "libc++";
				CLANG_WARN_BOOL_CONVERSION = YES;
				CLANG_WARN_CONSTANT_CONVERSION = YES;
				CLANG_WARN_EMPTY_BODY = YES;
				CLANG_WARN_ENUM_CONVERSION = YES;
				CLANG_WARN_INFINITE_RECURSION = YES;
				CLANG_WARN_INT_CONVERSION = YES;
				CLANG_WARN_SUSPICIOUS_MOVE = YES;
				CLANG_WARN_UNREACHABLE_CODE = YES;
				CLANG_WARN__DUPLICATE_METHOD_MATCH = YES;
				COPY_PHASE_STRIP = YES;
				DEBUG_INFORMATION_FORMAT = "dwarf-with-dsym";
				ENABLE_STRICT_OBJC_MSGSEND = YES;
				GCC_C_LANGUAGE_STANDARD = gnu11;
				GCC_ENABLE_OBJC_EXCEPTIONS = YES;
				GCC_NO_COMMON_BLOCKS = YES;
				GCC_VERSION = com.apple.compilers.llvm.clang.1_0;
				GCC_WARN_64_TO_32_BIT_CONVERSION = YES;
				GCC_WARN_ABOUT_RETURN_TYPE = YES;
				GCC_WARN_UNDECLARED_SELECTOR = YES;
				GCC_WARN_UNINITIALIZED_AUTOS = YES;
				GCC_WARN_UNUSED_FUNCTION = YES;
				GCC_WARN_UNUSED_VARIABLE = YES;
				MACOSX_DEPLOYMENT_TARGET = 10.7;
				SDKROOT = macosx;
			};
			name = Release;
		};
		93C4A239169FEC7A00D3C820 /* Debug */ = {
			isa = XCBuildConfiguration;
			buildSettings = {
				CLANG_CXX_LANGUAGE_STANDARD = "gnu++14";
				CLANG_CXX_LIBRARY = "libc++";
				GCC_WARN_ABOUT_DEPRECATED_FUNCTIONS = NO;
				LIBRARY_SEARCH_PATHS = (
					"$(inherited)",
					"\"$(SRCROOT)/../../libs/mac\"",
				);
				PRODUCT_NAME = "$(TARGET_NAME)";
			};
			name = Debug;
		};
		93C4A23A169FEC7A00D3C820 /* Release */ = {
			isa = XCBuildConfiguration;
			buildSettings = {
				CLANG_CXX_LANGUAGE_STANDARD = "gnu++14";
				CLANG_CXX_LIBRARY = "libc++";
				GCC_WARN_ABOUT_DEPRECATED_FUNCTIONS = NO;
				LIBRARY_SEARCH_PATHS = (
					"$(inherited)",
					"\"$(SRCROOT)/../../libs/mac\"",
				);
				PRODUCT_NAME = "$(TARGET_NAME)";
			};
			name = Release;
		};
/* End XCBuildConfiguration section */

/* Begin XCConfigurationList section */
		93C4A228169FEC7A00D3C820 /* Build configuration list for PBXProject "tester" */ = {
			isa = XCConfigurationList;
			buildConfigurations = (
				93C4A236169FEC7A00D3C820 /* Debug */,
				93C4A237169FEC7A00D3C820 /* Release */,
			);
			defaultConfigurationIsVisible = 0;
			defaultConfigurationName = Release;
		};
		93C4A238169FEC7A00D3C820 /* Build configuration list for PBXNativeTarget "tester" */ = {
			isa = XCConfigurationList;
			buildConfigurations = (
				93C4A239169FEC7A00D3C820 /* Debug */,
				93C4A23A169FEC7A00D3C820 /* Release */,
			);
			defaultConfigurationIsVisible = 0;
			defaultConfigurationName = Release;
		};
/* End XCConfigurationList section */
	};
	rootObject = 93C4A225169FEC7A00D3C820 /* Project object */;
}
