<?xml version="1.0" encoding="utf-8"?>
<Project ToolsVersion="4.0" xmlns="http://schemas.microsoft.com/developer/msbuild/2003">
  <ItemGroup>
    <Filter Include="Source Files">
      <UniqueIdentifier>{4FC737F1-C7A5-4376-A066-2A32D752A2FF}</UniqueIdentifier>
      <Extensions>cpp;c;cc;cxx;def;odl;idl;hpj;bat;asm;asmx</Extensions>
    </Filter>
    <Filter Include="Win">
      <UniqueIdentifier>{d6fbf6e1-6fa8-4eaf-b5e8-2cf070c330ac}</UniqueIdentifier>
    </Filter>
    <Filter Include="Headers">
      <UniqueIdentifier>{34b5bcc8-c55a-4496-9084-7f966e6f6fd6}</UniqueIdentifier>
    </Filter>
    <Filter Include="Tests">
      <UniqueIdentifier>{e3ce8e68-6034-4f20-80de-b624b37d9031}</UniqueIdentifier>
    </Filter>
  </ItemGroup>
  <ItemGroup>
    <ClCompile Include="main.cpp">
      <Filter>Win</Filter>
    </ClCompile>
    <ClCompile Include="..\tests\entrypoint.cpp">
      <Filter>Tests</Filter>
    </ClCompile>
    <ClCompile Include="..\tests\experiments.cpp">
      <Filter>Tests</Filter>
    </ClCompile>
    <ClCompile Include="..\tests\test_api.cpp">
      <Filter>Tests</Filter>
    </ClCompile>
    <ClCompile Include="..\tests\test_botan.cpp">
      <Filter>Tests</Filter>
    </ClCompile>
    <ClCompile Include="..\tests\test_http.cpp">
      <Filter>Tests</Filter>
    </ClCompile>
    <ClCompile Include="..\tests\test_ipp.cpp">
      <Filter>Tests</Filter>
    </ClCompile>
    <ClCompile Include="..\tests\test_library.cpp">
      <Filter>Tests</Filter>
    </ClCompile>
    <ClCompile Include="..\tests\test_mkl.cpp">
      <Filter>Tests</Filter>
    </ClCompile>
    <ClCompile Include="..\..\core\ext\botan\botan.cpp">
      <Filter>Source Files</Filter>
    </ClCompile>
    <ClCompile Include="..\..\core\ext\exprtk\exprtk.cpp">
      <Filter>Source Files</Filter>
    </ClCompile>
    <ClCompile Include="..\..\core\ext\ipp\ipp_core.cpp">
      <Filter>Source Files</Filter>
    </ClCompile>
    <ClCompile Include="..\..\core\ext\lib_inc.c">
      <Filter>Source Files</Filter>
    </ClCompile>
    <ClCompile Include="..\..\core\inet\http_client.cpp">
      <Filter>Source Files</Filter>
    </ClCompile>
    <ClCompile Include="..\..\core\inet\inet.cpp">
      <Filter>Source Files</Filter>
    </ClCompile>
    <ClCompile Include="..\..\core\inet\tinyhttpd.cpp">
      <Filter>Source Files</Filter>
    </ClCompile>
    <ClCompile Include="..\..\core\inet\tinyhttpd_fileserv.cpp">
      <Filter>Source Files</Filter>
    </ClCompile>
    <ClCompile Include="..\..\core\os\file_dir.cpp">
      <Filter>Source Files</Filter>
    </ClCompile>
    <ClCompile Include="..\..\core\os\file_zip.cpp">
      <Filter>Source Files</Filter>
    </ClCompile>
    <ClCompile Include="..\..\core\os\high_level.cpp">
      <Filter>Source Files</Filter>
    </ClCompile>
    <ClCompile Include="..\..\core\os\kernel_log.cpp">
      <Filter>Source Files</Filter>
    </ClCompile>
    <ClCompile Include="..\..\core\os\precompiler.cpp">
      <Filter>Source Files</Filter>
    </ClCompile>
    <ClCompile Include="..\..\core\os\user_inputs.cpp">
      <Filter>Source Files</Filter>
    </ClCompile>
    <ClCompile Include="..\..\core\os\kernel.cpp">
      <Filter>Source Files</Filter>
    </ClCompile>
    <ClCompile Include="..\..\core\os\multi_thread.cpp">
      <Filter>Source Files</Filter>
    </ClCompile>
    <ClCompile Include="..\..\core\rt\xml_xhtml.cpp">
      <Filter>Source Files</Filter>
    </ClCompile>
  </ItemGroup>
  <ItemGroup>
    <ClInclude Include="..\..\core\ext\botan\botan.h" />
    <ClInclude Include="..\..\core\ext\exprtk\exprtk.h" />
    <ClInclude Include="..\..\core\ext\ipp\ipp_canvas.h" />
    <ClInclude Include="..\..\core\ext\ipp\ipp_config.h" />
    <ClInclude Include="..\..\core\ext\ipp\ipp_core.h" />
    <ClInclude Include="..\..\core\ext\ipp\ipp_image.h" />
    <ClInclude Include="..\..\core\ext\mkl\mkl_matrix.h" />
    <ClInclude Include="..\..\core\ext\mkl\mkl_rng.h" />
    <ClInclude Include="..\..\core\ext\mkl\mkl_vector.h" />
    <ClInclude Include="..\..\core\inet\http_client.h" />
    <ClInclude Include="..\..\core\inet\inet.h" />
    <ClInclude Include="..\..\core\inet\kvstore.h" />
    <ClInclude Include="..\..\core\inet\tinyhttpd.h" />
    <ClInclude Include="..\..\core\inet\tinyhttpd_fileserv.h" />
    <ClInclude Include="..\..\core\inet\tinyhttpd_websocket.h" />
    <ClInclude Include="..\..\core\os\file_dir.h" />
    <ClInclude Include="..\..\core\os\file_zip.h" />
    <ClInclude Include="..\..\core\os\high_level.h" />
    <ClInclude Include="..\..\core\os\precompiler.h" />
    <ClInclude Include="..\..\core\os\user_inputs.h" />
    <ClInclude Include="..\..\core\os\kernel.h" />
    <ClInclude Include="..\..\core\os\multi_thread.h" />
    <ClInclude Include="..\..\core\os\predefines.h" />
    <ClInclude Include="..\..\core\rt\buffer_type.h" />
    <ClInclude Include="..\..\core\rt\json.h" />
    <ClInclude Include="..\..\core\rt\runtime_base.h" />
    <ClInclude Include="..\..\core\rt\small_math.h" />
    <ClInclude Include="..\..\core\rt\string_type.h" />
    <ClInclude Include="..\..\core\rt\string_type_op.h" />
    <ClInclude Include="..\..\core\rt\type_traits.h" />
    <ClInclude Include="..\..\core\rt\xml_xhtml.h" />
    <ClInclude Include="..\tests\test.h">
      <Filter>Tests</Filter>
    </ClInclude>
  </ItemGroup>
  <ItemGroup>
    <None Include="..\tests\web_assets\index.css">
      <Filter>Headers</Filter>
    </None>
    <None Include="..\tests\web_assets\index.htm">
      <Filter>Headers</Filter>
    </None>
    <None Include="..\tests\web_assets\index.js">
      <Filter>Headers</Filter>
    </None>
  </ItemGroup>
</Project>